
Microsoft Visual Studio Solution File, Format Version 12.00
# Visual Studio 2012
Project("{FAE04EC0-301F-11D3-BF4B-00C04F79EFBC}") = "Taak12-bis", "..\Taak12-bis\Taak12-bis.csproj", "{EB383130-D115-4374-9D22-FBD406CD93CB}"
EndProject
Global
	GlobalSection(SolutionConfigurationPlatforms) = preSolution
		Debug|Any CPU = Debug|Any CPU
		Release|Any CPU = Release|Any CPU
	EndGlobalSection
	GlobalSection(ProjectConfigurationPlatforms) = postSolution
		{EB383130-D115-4374-9D22-FBD406CD93CB}.Debug|Any CPU.ActiveCfg = Debug|Any CPU
		{EB383130-D115-4374-9D22-FBD406CD93CB}.Debug|Any CPU.Build.0 = Debug|Any CPU
		{EB383130-D115-4374-9D22-FBD406CD93CB}.Release|Any CPU.ActiveCfg = Release|Any CPU
		{EB383130-D115-4374-9D22-FBD406CD93CB}.Release|Any CPU.Build.0 = Release|Any CPU
	EndGlobalSection
	GlobalSection(SolutionProperties) = preSolution
		HideSolutionNode = FALSE
	EndGlobalSection
EndGlobal
